// !$*UTF8*$!
{
	archiveVersion = 1;
	classes = {
	};
	objectVersion = 46;
	objects = {

/* Begin PBXBuildFile section */
		910103121DDD8DA9004F4B68 /* InfoViewController.swift in Sources */ = {isa = PBXBuildFile; fileRef = 910103111DDD8DA9004F4B68 /* InfoViewController.swift */; };
		910103141DE2590E004F4B68 /* DataContainerSingleton.swift in Sources */ = {isa = PBXBuildFile; fileRef = 910103131DE2590E004F4B68 /* DataContainerSingleton.swift */; };
		912744D71DE517E50030C78F /* secuurebackground.jpg in Resources */ = {isa = PBXBuildFile; fileRef = 912744D61DE517E50030C78F /* secuurebackground.jpg */; };
		9187C03A1DAACB2400B1079B /* AppDelegate.swift in Sources */ = {isa = PBXBuildFile; fileRef = 9187C0391DAACB2400B1079B /* AppDelegate.swift */; };
		9187C03C1DAACB2400B1079B /* ViewController.swift in Sources */ = {isa = PBXBuildFile; fileRef = 9187C03B1DAACB2400B1079B /* ViewController.swift */; };
		9187C03F1DAACB2400B1079B /* Main.storyboard in Resources */ = {isa = PBXBuildFile; fileRef = 9187C03D1DAACB2400B1079B /* Main.storyboard */; };
		9187C0411DAACB2400B1079B /* Assets.xcassets in Resources */ = {isa = PBXBuildFile; fileRef = 9187C0401DAACB2400B1079B /* Assets.xcassets */; };
		9187C0441DAACB2400B1079B /* LaunchScreen.storyboard in Resources */ = {isa = PBXBuildFile; fileRef = 9187C0421DAACB2400B1079B /* LaunchScreen.storyboard */; };
		9187C04F1DAACB2400B1079B /* SecuureTests.swift in Sources */ = {isa = PBXBuildFile; fileRef = 9187C04E1DAACB2400B1079B /* SecuureTests.swift */; };
		9187C05A1DAACB2400B1079B /* SecuureUITests.swift in Sources */ = {isa = PBXBuildFile; fileRef = 9187C0591DAACB2400B1079B /* SecuureUITests.swift */; };
		9187C0681DB2B9D500B1079B /* SignupViewController.swift in Sources */ = {isa = PBXBuildFile; fileRef = 9187C0671DB2B9D500B1079B /* SignupViewController.swift */; };
		9187C06A1DB2BA9200B1079B /* MainInterfaceViewController.swift in Sources */ = {isa = PBXBuildFile; fileRef = 9187C0691DB2BA9200B1079B /* MainInterfaceViewController.swift */; };
		9187C06C1DB6E08B00B1079B /* EmailVerifyViewController.swift in Sources */ = {isa = PBXBuildFile; fileRef = 9187C06B1DB6E08B00B1079B /* EmailVerifyViewController.swift */; };
		919C00E61DC5A6B6003927A6 /* AddViewController.swift in Sources */ = {isa = PBXBuildFile; fileRef = 919C00E51DC5A6B6003927A6 /* AddViewController.swift */; };
		91D8E6431DC5B2F0004BDB2A /* PassViewController.swift in Sources */ = {isa = PBXBuildFile; fileRef = 91D8E6421DC5B2F0004BDB2A /* PassViewController.swift */; };
		B03549311DC962FA00059FA0 /* secuure40px.png in Resources */ = {isa = PBXBuildFile; fileRef = B035492A1DC962FA00059FA0 /* secuure40px.png */; };
		B03549321DC962FA00059FA0 /* secuure58px.png in Resources */ = {isa = PBXBuildFile; fileRef = B035492B1DC962FA00059FA0 /* secuure58px.png */; };
		B03549331DC962FA00059FA0 /* secuure60px.png in Resources */ = {isa = PBXBuildFile; fileRef = B035492C1DC962FA00059FA0 /* secuure60px.png */; };
		B03549341DC962FA00059FA0 /* secuure80px.png in Resources */ = {isa = PBXBuildFile; fileRef = B035492D1DC962FA00059FA0 /* secuure80px.png */; };
		B03549351DC962FA00059FA0 /* secuure87px.png in Resources */ = {isa = PBXBuildFile; fileRef = B035492E1DC962FA00059FA0 /* secuure87px.png */; };
		B03549361DC962FA00059FA0 /* secuure120px.png in Resources */ = {isa = PBXBuildFile; fileRef = B035492F1DC962FA00059FA0 /* secuure120px.png */; };
		B03549371DC962FA00059FA0 /* secuure180px.png in Resources */ = {isa = PBXBuildFile; fileRef = B03549301DC962FA00059FA0 /* secuure180px.png */; };
/* End PBXBuildFile section */

/* Begin PBXContainerItemProxy section */
		9187C04B1DAACB2400B1079B /* PBXContainerItemProxy */ = {
			isa = PBXContainerItemProxy;
			containerPortal = 9187C02E1DAACB2400B1079B /* Project object */;
			proxyType = 1;
			remoteGlobalIDString = 9187C0351DAACB2400B1079B;
			remoteInfo = EzPassStore;
		};
		9187C0561DAACB2400B1079B /* PBXContainerItemProxy */ = {
			isa = PBXContainerItemProxy;
			containerPortal = 9187C02E1DAACB2400B1079B /* Project object */;
			proxyType = 1;
			remoteGlobalIDString = 9187C0351DAACB2400B1079B;
			remoteInfo = EzPassStore;
		};
/* End PBXContainerItemProxy section */

/* Begin PBXFileReference section */
		910103111DDD8DA9004F4B68 /* InfoViewController.swift */ = {isa = PBXFileReference; fileEncoding = 4; lastKnownFileType = sourcecode.swift; path = InfoViewController.swift; sourceTree = "<group>"; };
		910103131DE2590E004F4B68 /* DataContainerSingleton.swift */ = {isa = PBXFileReference; fileEncoding = 4; lastKnownFileType = sourcecode.swift; path = DataContainerSingleton.swift; sourceTree = "<group>"; };
		912744D61DE517E50030C78F /* secuurebackground.jpg */ = {isa = PBXFileReference; lastKnownFileType = image.jpeg; name = secuurebackground.jpg; path = ../../../../Desktop/secuurebackground.jpg; sourceTree = "<group>"; };
		9187C0361DAACB2400B1079B /* Secuure.app */ = {isa = PBXFileReference; explicitFileType = wrapper.application; includeInIndex = 0; path = Secuure.app; sourceTree = BUILT_PRODUCTS_DIR; };
		9187C0391DAACB2400B1079B /* AppDelegate.swift */ = {isa = PBXFileReference; lastKnownFileType = sourcecode.swift; path = AppDelegate.swift; sourceTree = "<group>"; };
		9187C03B1DAACB2400B1079B /* ViewController.swift */ = {isa = PBXFileReference; lastKnownFileType = sourcecode.swift; path = ViewController.swift; sourceTree = "<group>"; };
		9187C03E1DAACB2400B1079B /* Base */ = {isa = PBXFileReference; lastKnownFileType = file.storyboard; name = Base; path = Base.lproj/Main.storyboard; sourceTree = "<group>"; };
		9187C0401DAACB2400B1079B /* Assets.xcassets */ = {isa = PBXFileReference; lastKnownFileType = folder.assetcatalog; path = Assets.xcassets; sourceTree = "<group>"; };
		9187C0431DAACB2400B1079B /* Base */ = {isa = PBXFileReference; lastKnownFileType = file.storyboard; name = Base; path = Base.lproj/LaunchScreen.storyboard; sourceTree = "<group>"; };
		9187C0451DAACB2400B1079B /* Info.plist */ = {isa = PBXFileReference; lastKnownFileType = text.plist.xml; path = Info.plist; sourceTree = "<group>"; };
		9187C04A1DAACB2400B1079B /* SecuureSecuures.xctest */ = {isa = PBXFileReference; explicitFileType = wrapper.cfbundle; includeInIndex = 0; path = SecuureSecuures.xctest; sourceTree = BUILT_PRODUCTS_DIR; };
		9187C04E1DAACB2400B1079B /* SecuureTests.swift */ = {isa = PBXFileReference; lastKnownFileType = sourcecode.swift; path = SecuureTests.swift; sourceTree = "<group>"; };
		9187C0501DAACB2400B1079B /* Info.plist */ = {isa = PBXFileReference; lastKnownFileType = text.plist.xml; path = Info.plist; sourceTree = "<group>"; };
		9187C0551DAACB2400B1079B /* SecuureUISecuures.xctest */ = {isa = PBXFileReference; explicitFileType = wrapper.cfbundle; includeInIndex = 0; path = SecuureUISecuures.xctest; sourceTree = BUILT_PRODUCTS_DIR; };
		9187C0591DAACB2400B1079B /* SecuureUITests.swift */ = {isa = PBXFileReference; lastKnownFileType = sourcecode.swift; path = SecuureUITests.swift; sourceTree = "<group>"; };
		9187C05B1DAACB2400B1079B /* Info.plist */ = {isa = PBXFileReference; lastKnownFileType = text.plist.xml; path = Info.plist; sourceTree = "<group>"; };
		9187C0671DB2B9D500B1079B /* SignupViewController.swift */ = {isa = PBXFileReference; fileEncoding = 4; lastKnownFileType = sourcecode.swift; path = SignupViewController.swift; sourceTree = "<group>"; };
		9187C0691DB2BA9200B1079B /* MainInterfaceViewController.swift */ = {isa = PBXFileReference; fileEncoding = 4; lastKnownFileType = sourcecode.swift; path = MainInterfaceViewController.swift; sourceTree = "<group>"; };
		9187C06B1DB6E08B00B1079B /* EmailVerifyViewController.swift */ = {isa = PBXFileReference; fileEncoding = 4; lastKnownFileType = sourcecode.swift; path = EmailVerifyViewController.swift; sourceTree = "<group>"; };
		919C00E51DC5A6B6003927A6 /* AddViewController.swift */ = {isa = PBXFileReference; fileEncoding = 4; lastKnownFileType = sourcecode.swift; path = AddViewController.swift; sourceTree = "<group>"; };
		91D8E6421DC5B2F0004BDB2A /* PassViewController.swift */ = {isa = PBXFileReference; fileEncoding = 4; lastKnownFileType = sourcecode.swift; path = PassViewController.swift; sourceTree = "<group>"; };
		B035492A1DC962FA00059FA0 /* secuure40px.png */ = {isa = PBXFileReference; lastKnownFileType = image.png; name = secuure40px.png; path = AppIcon/secuure40px.png; sourceTree = SOURCE_ROOT; };
		B035492B1DC962FA00059FA0 /* secuure58px.png */ = {isa = PBXFileReference; lastKnownFileType = image.png; name = secuure58px.png; path = AppIcon/secuure58px.png; sourceTree = SOURCE_ROOT; };
		B035492C1DC962FA00059FA0 /* secuure60px.png */ = {isa = PBXFileReference; lastKnownFileType = image.png; name = secuure60px.png; path = AppIcon/secuure60px.png; sourceTree = SOURCE_ROOT; };
		B035492D1DC962FA00059FA0 /* secuure80px.png */ = {isa = PBXFileReference; lastKnownFileType = image.png; name = secuure80px.png; path = AppIcon/secuure80px.png; sourceTree = SOURCE_ROOT; };
		B035492E1DC962FA00059FA0 /* secuure87px.png */ = {isa = PBXFileReference; lastKnownFileType = image.png; name = secuure87px.png; path = AppIcon/secuure87px.png; sourceTree = SOURCE_ROOT; };
		B035492F1DC962FA00059FA0 /* secuure120px.png */ = {isa = PBXFileReference; lastKnownFileType = image.png; name = secuure120px.png; path = AppIcon/secuure120px.png; sourceTree = SOURCE_ROOT; };
		B03549301DC962FA00059FA0 /* secuure180px.png */ = {isa = PBXFileReference; lastKnownFileType = image.png; name = secuure180px.png; path = AppIcon/secuure180px.png; sourceTree = SOURCE_ROOT; };
/* End PBXFileReference section */

/* Begin PBXFrameworksBuildPhase section */
		9187C0331DAACB2400B1079B /* Frameworks */ = {
			isa = PBXFrameworksBuildPhase;
			buildActionMask = 2147483647;
			files = (
			);
			runOnlyForDeploymentPostprocessing = 0;
		};
		9187C0471DAACB2400B1079B /* Frameworks */ = {
			isa = PBXFrameworksBuildPhase;
			buildActionMask = 2147483647;
			files = (
			);
			runOnlyForDeploymentPostprocessing = 0;
		};
		9187C0521DAACB2400B1079B /* Frameworks */ = {
			isa = PBXFrameworksBuildPhase;
			buildActionMask = 2147483647;
			files = (
			);
			runOnlyForDeploymentPostprocessing = 0;
		};
/* End PBXFrameworksBuildPhase section */

/* Begin PBXGroup section */
		9187C02D1DAACB2400B1079B = {
			isa = PBXGroup;
			children = (
				9187C0381DAACB2400B1079B /* Secuure */,
				9187C04D1DAACB2400B1079B /* SecuureTests */,
				9187C0581DAACB2400B1079B /* SecuureUITests */,
				9187C0371DAACB2400B1079B /* Products */,
			);
			sourceTree = "<group>";
		};
		9187C0371DAACB2400B1079B /* Products */ = {
			isa = PBXGroup;
			children = (
				9187C0361DAACB2400B1079B /* Secuure.app */,
				9187C04A1DAACB2400B1079B /* SecuureSecuures.xctest */,
				9187C0551DAACB2400B1079B /* SecuureUISecuures.xctest */,
			);
			name = Products;
			sourceTree = "<group>";
		};
		9187C0381DAACB2400B1079B /* Secuure */ = {
			isa = PBXGroup;
			children = (
				9187C0391DAACB2400B1079B /* AppDelegate.swift */,
				9187C03D1DAACB2400B1079B /* Main.storyboard */,
				910103111DDD8DA9004F4B68 /* InfoViewController.swift */,
				91D8E6421DC5B2F0004BDB2A /* PassViewController.swift */,
				9187C03B1DAACB2400B1079B /* ViewController.swift */,
				919C00E51DC5A6B6003927A6 /* AddViewController.swift */,
				9187C06B1DB6E08B00B1079B /* EmailVerifyViewController.swift */,
				9187C0691DB2BA9200B1079B /* MainInterfaceViewController.swift */,
				910103131DE2590E004F4B68 /* DataContainerSingleton.swift */,
				9187C0671DB2B9D500B1079B /* SignupViewController.swift */,
				9187C0401DAACB2400B1079B /* Assets.xcassets */,
				912744D61DE517E50030C78F /* secuurebackground.jpg */,
				9187C0421DAACB2400B1079B /* LaunchScreen.storyboard */,
				9187C0451DAACB2400B1079B /* Info.plist */,
				B035492A1DC962FA00059FA0 /* secuure40px.png */,
				B035492B1DC962FA00059FA0 /* secuure58px.png */,
				B035492C1DC962FA00059FA0 /* secuure60px.png */,
				B035492D1DC962FA00059FA0 /* secuure80px.png */,
				B035492E1DC962FA00059FA0 /* secuure87px.png */,
				B035492F1DC962FA00059FA0 /* secuure120px.png */,
				B03549301DC962FA00059FA0 /* secuure180px.png */,
			);
			name = Secuure;
			path = EzPassStore;
			sourceTree = "<group>";
		};
		9187C04D1DAACB2400B1079B /* SecuureTests */ = {
			isa = PBXGroup;
			children = (
				9187C04E1DAACB2400B1079B /* SecuureTests.swift */,
				9187C0501DAACB2400B1079B /* Info.plist */,
			);
			name = SecuureTests;
			path = EzPassStoreTests;
			sourceTree = "<group>";
		};
		9187C0581DAACB2400B1079B /* SecuureUITests */ = {
			isa = PBXGroup;
			children = (
				9187C0591DAACB2400B1079B /* SecuureUITests.swift */,
				9187C05B1DAACB2400B1079B /* Info.plist */,
			);
			name = SecuureUITests;
			path = EzPassStoreUITests;
			sourceTree = "<group>";
		};
/* End PBXGroup section */

/* Begin PBXNativeTarget section */
		9187C0351DAACB2400B1079B /* Secuure */ = {
			isa = PBXNativeTarget;
			buildConfigurationList = 9187C05E1DAACB2400B1079B /* Build configuration list for PBXNativeTarget "Secuure" */;
			buildPhases = (
				9187C0321DAACB2400B1079B /* Sources */,
				9187C0331DAACB2400B1079B /* Frameworks */,
				9187C0341DAACB2400B1079B /* Resources */,
			);
			buildRules = (
			);
			dependencies = (
			);
			name = Secuure;
			productName = EzPassStore;
			productReference = 9187C0361DAACB2400B1079B /* Secuure.app */;
			productType = "com.apple.product-type.application";
		};
		9187C0491DAACB2400B1079B /* SecuureSecuures */ = {
			isa = PBXNativeTarget;
			buildConfigurationList = 9187C0611DAACB2400B1079B /* Build configuration list for PBXNativeTarget "SecuureSecuures" */;
			buildPhases = (
				9187C0461DAACB2400B1079B /* Sources */,
				9187C0471DAACB2400B1079B /* Frameworks */,
				9187C0481DAACB2400B1079B /* Resources */,
			);
			buildRules = (
			);
			dependencies = (
				9187C04C1DAACB2400B1079B /* PBXTargetDependency */,
			);
			name = SecuureSecuures;
			productName = EzPassStoreTests;
			productReference = 9187C04A1DAACB2400B1079B /* SecuureSecuures.xctest */;
			productType = "com.apple.product-type.bundle.unit-test";
		};
		9187C0541DAACB2400B1079B /* SecuureUISecuures */ = {
			isa = PBXNativeTarget;
			buildConfigurationList = 9187C0641DAACB2400B1079B /* Build configuration list for PBXNativeTarget "SecuureUISecuures" */;
			buildPhases = (
				9187C0511DAACB2400B1079B /* Sources */,
				9187C0521DAACB2400B1079B /* Frameworks */,
				9187C0531DAACB2400B1079B /* Resources */,
			);
			buildRules = (
			);
			dependencies = (
				9187C0571DAACB2400B1079B /* PBXTargetDependency */,
			);
			name = SecuureUISecuures;
			productName = EzPassStoreUITests;
			productReference = 9187C0551DAACB2400B1079B /* SecuureUISecuures.xctest */;
			productType = "com.apple.product-type.bundle.ui-testing";
		};
/* End PBXNativeTarget section */

/* Begin PBXProject section */
		9187C02E1DAACB2400B1079B /* Project object */ = {
			isa = PBXProject;
			attributes = {
				LastSwiftUpdateCheck = 0800;
				LastUpgradeCheck = 0810;
				ORGANIZATIONNAME = HashMappers;
				TargetAttributes = {
					9187C0351DAACB2400B1079B = {
						CreatedOnToolsVersion = 8.0;
						DevelopmentTeam = W868B75DBC;
						ProvisioningStyle = Automatic;
					};
					9187C0491DAACB2400B1079B = {
						CreatedOnToolsVersion = 8.0;
						ProvisioningStyle = Automatic;
						TestTargetID = 9187C0351DAACB2400B1079B;
					};
					9187C0541DAACB2400B1079B = {
						CreatedOnToolsVersion = 8.0;
						ProvisioningStyle = Automatic;
						TestTargetID = 9187C0351DAACB2400B1079B;
					};
				};
			};
			buildConfigurationList = 9187C0311DAACB2400B1079B /* Build configuration list for PBXProject "Secuure" */;
			compatibilityVersion = "Xcode 3.2";
			developmentRegion = English;
			hasScannedForEncodings = 0;
			knownRegions = (
				en,
				Base,
			);
			mainGroup = 9187C02D1DAACB2400B1079B;
			productRefGroup = 9187C0371DAACB2400B1079B /* Products */;
			projectDirPath = "";
			projectRoot = "";
			targets = (
				9187C0351DAACB2400B1079B /* Secuure */,
				9187C0491DAACB2400B1079B /* SecuureSecuures */,
				9187C0541DAACB2400B1079B /* SecuureUISecuures */,
			);
		};
/* End PBXProject section */

/* Begin PBXResourcesBuildPhase section */
		9187C0341DAACB2400B1079B /* Resources */ = {
			isa = PBXResourcesBuildPhase;
			buildActionMask = 2147483647;
			files = (
				B03549371DC962FA00059FA0 /* secuure180px.png in Resources */,
				9187C0441DAACB2400B1079B /* LaunchScreen.storyboard in Resources */,
				9187C0411DAACB2400B1079B /* Assets.xcassets in Resources */,
				B03549341DC962FA00059FA0 /* secuure80px.png in Resources */,
				912744D71DE517E50030C78F /* secuurebackground.jpg in Resources */,
				B03549311DC962FA00059FA0 /* secuure40px.png in Resources */,
				B03549321DC962FA00059FA0 /* secuure58px.png in Resources */,
				B03549351DC962FA00059FA0 /* secuure87px.png in Resources */,
				B03549331DC962FA00059FA0 /* secuure60px.png in Resources */,
				9187C03F1DAACB2400B1079B /* Main.storyboard in Resources */,
				B03549361DC962FA00059FA0 /* secuure120px.png in Resources */,
			);
			runOnlyForDeploymentPostprocessing = 0;
		};
		9187C0481DAACB2400B1079B /* Resources */ = {
			isa = PBXResourcesBuildPhase;
			buildActionMask = 2147483647;
			files = (
			);
			runOnlyForDeploymentPostprocessing = 0;
		};
		9187C0531DAACB2400B1079B /* Resources */ = {
			isa = PBXResourcesBuildPhase;
			buildActionMask = 2147483647;
			files = (
			);
			runOnlyForDeploymentPostprocessing = 0;
		};
/* End PBXResourcesBuildPhase section */

/* Begin PBXSourcesBuildPhase section */
		9187C0321DAACB2400B1079B /* Sources */ = {
			isa = PBXSourcesBuildPhase;
			buildActionMask = 2147483647;
			files = (
				9187C0681DB2B9D500B1079B /* SignupViewController.swift in Sources */,
				91D8E6431DC5B2F0004BDB2A /* PassViewController.swift in Sources */,
				9187C03C1DAACB2400B1079B /* ViewController.swift in Sources */,
				910103141DE2590E004F4B68 /* DataContainerSingleton.swift in Sources */,
				919C00E61DC5A6B6003927A6 /* AddViewController.swift in Sources */,
				910103121DDD8DA9004F4B68 /* InfoViewController.swift in Sources */,
				9187C03A1DAACB2400B1079B /* AppDelegate.swift in Sources */,
				9187C06C1DB6E08B00B1079B /* EmailVerifyViewController.swift in Sources */,
				9187C06A1DB2BA9200B1079B /* MainInterfaceViewController.swift in Sources */,
			);
			runOnlyForDeploymentPostprocessing = 0;
		};
		9187C0461DAACB2400B1079B /* Sources */ = {
			isa = PBXSourcesBuildPhase;
			buildActionMask = 2147483647;
			files = (
				9187C04F1DAACB2400B1079B /* SecuureTests.swift in Sources */,
			);
			runOnlyForDeploymentPostprocessing = 0;
		};
		9187C0511DAACB2400B1079B /* Sources */ = {
			isa = PBXSourcesBuildPhase;
			buildActionMask = 2147483647;
			files = (
				9187C05A1DAACB2400B1079B /* SecuureUITests.swift in Sources */,
			);
			runOnlyForDeploymentPostprocessing = 0;
		};
/* End PBXSourcesBuildPhase section */

/* Begin PBXTargetDependency section */
		9187C04C1DAACB2400B1079B /* PBXTargetDependency */ = {
			isa = PBXTargetDependency;
			target = 9187C0351DAACB2400B1079B /* Secuure */;
			targetProxy = 9187C04B1DAACB2400B1079B /* PBXContainerItemProxy */;
		};
		9187C0571DAACB2400B1079B /* PBXTargetDependency */ = {
			isa = PBXTargetDependency;
			target = 9187C0351DAACB2400B1079B /* Secuure */;
			targetProxy = 9187C0561DAACB2400B1079B /* PBXContainerItemProxy */;
		};
/* End PBXTargetDependency section */

/* Begin PBXVariantGroup section */
		9187C03D1DAACB2400B1079B /* Main.storyboard */ = {
			isa = PBXVariantGroup;
			children = (
				9187C03E1DAACB2400B1079B /* Base */,
			);
			name = Main.storyboard;
			sourceTree = "<group>";
		};
		9187C0421DAACB2400B1079B /* LaunchScreen.storyboard */ = {
			isa = PBXVariantGroup;
			children = (
				9187C0431DAACB2400B1079B /* Base */,
			);
			name = LaunchScreen.storyboard;
			sourceTree = "<group>";
		};
/* End PBXVariantGroup section */

/* Begin XCBuildConfiguration section */
		9187C05C1DAACB2400B1079B /* Debug */ = {
			isa = XCBuildConfiguration;
			buildSettings = {
				ALWAYS_SEARCH_USER_PATHS = NO;
				CLANG_ANALYZER_NONNULL = YES;
				CLANG_CXX_LANGUAGE_STANDARD = "gnu++0x";
				CLANG_CXX_LIBRARY = "libc++";
				CLANG_ENABLE_MODULES = YES;
				CLANG_ENABLE_OBJC_ARC = YES;
				CLANG_WARN_BOOL_CONVERSION = YES;
				CLANG_WARN_CONSTANT_CONVERSION = YES;
				CLANG_WARN_DIRECT_OBJC_ISA_USAGE = YES_ERROR;
				CLANG_WARN_DOCUMENTATION_COMMENTS = YES;
				CLANG_WARN_EMPTY_BODY = YES;
				CLANG_WARN_ENUM_CONVERSION = YES;
				CLANG_WARN_INFINITE_RECURSION = YES;
				CLANG_WARN_INT_CONVERSION = YES;
				CLANG_WARN_OBJC_ROOT_CLASS = YES_ERROR;
				CLANG_WARN_SUSPICIOUS_MOVE = YES;
				CLANG_WARN_SUSPICIOUS_MOVES = YES;
				CLANG_WARN_UNREACHABLE_CODE = YES;
				CLANG_WARN__DUPLICATE_METHOD_MATCH = YES;
				"CODE_SIGN_IDENTITY[sdk=iphoneos*]" = "iPhone Developer";
				COPY_PHASE_STRIP = NO;
				DEBUG_INFORMATION_FORMAT = dwarf;
				ENABLE_STRICT_OBJC_MSGSEND = YES;
				ENABLE_TESTABILITY = YES;
				GCC_C_LANGUAGE_STANDARD = gnu99;
				GCC_DYNAMIC_NO_PIC = NO;
				GCC_NO_COMMON_BLOCKS = YES;
				GCC_OPTIMIZATION_LEVEL = 0;
				GCC_PREPROCESSOR_DEFINITIONS = (
					"DEBUG=1",
					"$(inherited)",
				);
				GCC_WARN_64_TO_32_BIT_CONVERSION = YES;
				GCC_WARN_ABOUT_RETURN_TYPE = YES_ERROR;
				GCC_WARN_UNDECLARED_SELECTOR = YES;
				GCC_WARN_UNINITIALIZED_AUTOS = YES_AGGRESSIVE;
				GCC_WARN_UNUSED_FUNCTION = YES;
				GCC_WARN_UNUSED_VARIABLE = YES;
				IPHONEOS_DEPLOYMENT_TARGET = 10.0;
				MTL_ENABLE_DEBUG_INFO = YES;
				ONLY_ACTIVE_ARCH = YES;
				SDKROOT = iphoneos;
				SWIFT_ACTIVE_COMPILATION_CONDITIONS = DEBUG;
				SWIFT_OPTIMIZATION_LEVEL = "-Onone";
				TARGETED_DEVICE_FAMILY = "1,2";
			};
			name = Debug;
		};
		9187C05D1DAACB2400B1079B /* Release */ = {
			isa = XCBuildConfiguration;
			buildSettings = {
				ALWAYS_SEARCH_USER_PATHS = NO;
				CLANG_ANALYZER_NONNULL = YES;
				CLANG_CXX_LANGUAGE_STANDARD = "gnu++0x";
				CLANG_CXX_LIBRARY = "libc++";
				CLANG_ENABLE_MODULES = YES;
				CLANG_ENABLE_OBJC_ARC = YES;
				CLANG_WARN_BOOL_CONVERSION = YES;
				CLANG_WARN_CONSTANT_CONVERSION = YES;
				CLANG_WARN_DIRECT_OBJC_ISA_USAGE = YES_ERROR;
				CLANG_WARN_DOCUMENTATION_COMMENTS = YES;
				CLANG_WARN_EMPTY_BODY = YES;
				CLANG_WARN_ENUM_CONVERSION = YES;
				CLANG_WARN_INFINITE_RECURSION = YES;
				CLANG_WARN_INT_CONVERSION = YES;
				CLANG_WARN_OBJC_ROOT_CLASS = YES_ERROR;
				CLANG_WARN_SUSPICIOUS_MOVE = YES;
				CLANG_WARN_SUSPICIOUS_MOVES = YES;
				CLANG_WARN_UNREACHABLE_CODE = YES;
				CLANG_WARN__DUPLICATE_METHOD_MATCH = YES;
				"CODE_SIGN_IDENTITY[sdk=iphoneos*]" = "iPhone Developer";
				COPY_PHASE_STRIP = NO;
				DEBUG_INFORMATION_FORMAT = "dwarf-with-dsym";
				ENABLE_NS_ASSERTIONS = NO;
				ENABLE_STRICT_OBJC_MSGSEND = YES;
				GCC_C_LANGUAGE_STANDARD = gnu99;
				GCC_NO_COMMON_BLOCKS = YES;
				GCC_WARN_64_TO_32_BIT_CONVERSION = YES;
				GCC_WARN_ABOUT_RETURN_TYPE = YES_ERROR;
				GCC_WARN_UNDECLARED_SELECTOR = YES;
				GCC_WARN_UNINITIALIZED_AUTOS = YES_AGGRESSIVE;
				GCC_WARN_UNUSED_FUNCTION = YES;
				GCC_WARN_UNUSED_VARIABLE = YES;
				IPHONEOS_DEPLOYMENT_TARGET = 10.0;
				MTL_ENABLE_DEBUG_INFO = NO;
				SDKROOT = iphoneos;
				SWIFT_OPTIMIZATION_LEVEL = "-Owholemodule";
				TARGETED_DEVICE_FAMILY = "1,2";
				VALIDATE_PRODUCT = YES;
			};
			name = Release;
		};
		9187C05F1DAACB2400B1079B /* Debug */ = {
			isa = XCBuildConfiguration;
			buildSettings = {
				ASSETCATALOG_COMPILER_APPICON_NAME = AppIcon;
				DEVELOPMENT_TEAM = W868B75DBC;
				INFOPLIST_FILE = EzPassStore/Info.plist;
				LD_RUNPATH_SEARCH_PATHS = "$(inherited) @executable_path/Frameworks";
				PRODUCT_BUNDLE_IDENTIFIER = HashMappers.EzPassStore;
				PRODUCT_NAME = "$(TARGET_NAME)";
				SWIFT_VERSION = 3.0;
				TARGETED_DEVICE_FAMILY = "1,2";
			};
			name = Debug;
		};
		9187C0601DAACB2400B1079B /* Release */ = {
			isa = XCBuildConfiguration;
			buildSettings = {
				ASSETCATALOG_COMPILER_APPICON_NAME = AppIcon;
				DEVELOPMENT_TEAM = W868B75DBC;
				INFOPLIST_FILE = EzPassStore/Info.plist;
				LD_RUNPATH_SEARCH_PATHS = "$(inherited) @executable_path/Frameworks";
				PRODUCT_BUNDLE_IDENTIFIER = HashMappers.EzPassStore;
				PRODUCT_NAME = "$(TARGET_NAME)";
				SWIFT_VERSION = 3.0;
				TARGETED_DEVICE_FAMILY = "1,2";
			};
			name = Release;
		};
		9187C0621DAACB2400B1079B /* Debug */ = {
			isa = XCBuildConfiguration;
			buildSettings = {
				ALWAYS_EMBED_SWIFT_STANDARD_LIBRARIES = YES;
				BUNDLE_LOADER = "$(TEST_HOST)";
				INFOPLIST_FILE = EzPassStoreTests/Info.plist;
				LD_RUNPATH_SEARCH_PATHS = "$(inherited) @executable_path/Frameworks @loader_path/Frameworks";
				PRODUCT_BUNDLE_IDENTIFIER = HashMappers.EzPassStoreTests;
				PRODUCT_NAME = "$(TARGET_NAME)";
				SWIFT_VERSION = 3.0;
				TEST_HOST = "$(BUILT_PRODUCTS_DIR)/Secuure.app/Secuure";
			};
			name = Debug;
		};
		9187C0631DAACB2400B1079B /* Release */ = {
			isa = XCBuildConfiguration;
			buildSettings = {
				ALWAYS_EMBED_SWIFT_STANDARD_LIBRARIES = YES;
				BUNDLE_LOADER = "$(TEST_HOST)";
				INFOPLIST_FILE = EzPassStoreTests/Info.plist;
				LD_RUNPATH_SEARCH_PATHS = "$(inherited) @executable_path/Frameworks @loader_path/Frameworks";
				PRODUCT_BUNDLE_IDENTIFIER = HashMappers.EzPassStoreTests;
				PRODUCT_NAME = "$(TARGET_NAME)";
				SWIFT_VERSION = 3.0;
				TEST_HOST = "$(BUILT_PRODUCTS_DIR)/Secuure.app/Secuure";
			};
			name = Release;
		};
		9187C0651DAACB2400B1079B /* Debug */ = {
			isa = XCBuildConfiguration;
			buildSettings = {
				ALWAYS_EMBED_SWIFT_STANDARD_LIBRARIES = YES;
				INFOPLIST_FILE = EzPassStoreUITests/Info.plist;
				LD_RUNPATH_SEARCH_PATHS = "$(inherited) @executable_path/Frameworks @loader_path/Frameworks";
				PRODUCT_BUNDLE_IDENTIFIER = HashMappers.EzPassStoreUITests;
				PRODUCT_NAME = "$(TARGET_NAME)";
				SWIFT_VERSION = 3.0;
				TEST_TARGET_NAME = EzPassStore;
			};
			name = Debug;
		};
		9187C0661DAACB2400B1079B /* Release */ = {
			isa = XCBuildConfiguration;
			buildSettings = {
				ALWAYS_EMBED_SWIFT_STANDARD_LIBRARIES = YES;
				INFOPLIST_FILE = EzPassStoreUITests/Info.plist;
				LD_RUNPATH_SEARCH_PATHS = "$(inherited) @executable_path/Frameworks @loader_path/Frameworks";
				PRODUCT_BUNDLE_IDENTIFIER = HashMappers.EzPassStoreUITests;
				PRODUCT_NAME = "$(TARGET_NAME)";
				SWIFT_VERSION = 3.0;
				TEST_TARGET_NAME = EzPassStore;
			};
			name = Release;
		};
/* End XCBuildConfiguration section */

/* Begin XCConfigurationList section */
		9187C0311DAACB2400B1079B /* Build configuration list for PBXProject "Secuure" */ = {
			isa = XCConfigurationList;
			buildConfigurations = (
				9187C05C1DAACB2400B1079B /* Debug */,
				9187C05D1DAACB2400B1079B /* Release */,
			);
			defaultConfigurationIsVisible = 0;
			defaultConfigurationName = Release;
		};
		9187C05E1DAACB2400B1079B /* Build configuration list for PBXNativeTarget "Secuure" */ = {
			isa = XCConfigurationList;
			buildConfigurations = (
				9187C05F1DAACB2400B1079B /* Debug */,
				9187C0601DAACB2400B1079B /* Release */,
			);
			defaultConfigurationIsVisible = 0;
			defaultConfigurationName = Release;
		};
		9187C0611DAACB2400B1079B /* Build configuration list for PBXNativeTarget "SecuureSecuures" */ = {
			isa = XCConfigurationList;
			buildConfigurations = (
				9187C0621DAACB2400B1079B /* Debug */,
				9187C0631DAACB2400B1079B /* Release */,
			);
			defaultConfigurationIsVisible = 0;
			defaultConfigurationName = Release;
		};
		9187C0641DAACB2400B1079B /* Build configuration list for PBXNativeTarget "SecuureUISecuures" */ = {
			isa = XCConfigurationList;
			buildConfigurations = (
				9187C0651DAACB2400B1079B /* Debug */,
				9187C0661DAACB2400B1079B /* Release */,
			);
			defaultConfigurationIsVisible = 0;
			defaultConfigurationName = Release;
		};
/* End XCConfigurationList section */
	};
	rootObject = 9187C02E1DAACB2400B1079B /* Project object */;
}
